
Microsoft Visual Studio Solution File, Format Version 12.00
Project("{FAE04EC0-301F-11D3-BF4B-00C04F79EFBC}") = "Iggy_SDK", "Iggy_SDK\Iggy_SDK.csproj", "{661540EB-81F9-492C-828B-CF787BEBD50B}"
EndProject
Project("{FAE04EC0-301F-11D3-BF4B-00C04F79EFBC}") = "Iggy_SDK_Tests", "Iggy_SDK_Tests\Iggy_SDK_Tests.csproj", "{8514D555-35CF-4538-97D3-DC42A182B694}"
EndProject
Project("{FAE04EC0-301F-11D3-BF4B-00C04F79EFBC}") = "Iggy_Sample_Producer", "Iggy_Sample_Producer\Iggy_Sample_Producer.csproj", "{ABF3900E-D9C1-46F8-97B1-E0918DCFC89C}"
EndProject
Project("{FAE04EC0-301F-11D3-BF4B-00C04F79EFBC}") = "Iggy_Sample_Consumer", "Iggy_Sample_Consumer\Iggy_Sample_Consumer.csproj", "{2ED2B03B-369E-493C-9AB3-0FF7EA9AFDE2}"
EndProject
Project("{FAE04EC0-301F-11D3-BF4B-00C04F79EFBC}") = "Shared", "Shared\Shared.csproj", "{A9D91A9B-606D-469E-BAD9-B220A4AB31CA}"
EndProject
Project("{FAE04EC0-301F-11D3-BF4B-00C04F79EFBC}") = "Benchmarks", "Benchmarks\Benchmarks.csproj", "{466C54AD-A5FA-401C-9300-8FE21D3C355A}"
EndProject
Global
	GlobalSection(SolutionConfigurationPlatforms) = preSolution
		Debug|Any CPU = Debug|Any CPU
		Release|Any CPU = Release|Any CPU
	EndGlobalSection
	GlobalSection(ProjectConfigurationPlatforms) = postSolution
		{661540EB-81F9-492C-828B-CF787BEBD50B}.Debug|Any CPU.ActiveCfg = Debug|Any CPU
		{661540EB-81F9-492C-828B-CF787BEBD50B}.Debug|Any CPU.Build.0 = Debug|Any CPU
		{661540EB-81F9-492C-828B-CF787BEBD50B}.Release|Any CPU.ActiveCfg = Release|Any CPU
		{661540EB-81F9-492C-828B-CF787BEBD50B}.Release|Any CPU.Build.0 = Release|Any CPU
		{8514D555-35CF-4538-97D3-DC42A182B694}.Debug|Any CPU.ActiveCfg = Debug|Any CPU
		{8514D555-35CF-4538-97D3-DC42A182B694}.Debug|Any CPU.Build.0 = Debug|Any CPU
		{8514D555-35CF-4538-97D3-DC42A182B694}.Release|Any CPU.ActiveCfg = Release|Any CPU
		{8514D555-35CF-4538-97D3-DC42A182B694}.Release|Any CPU.Build.0 = Release|Any CPU
		{ABF3900E-D9C1-46F8-97B1-E0918DCFC89C}.Debug|Any CPU.ActiveCfg = Debug|Any CPU
		{ABF3900E-D9C1-46F8-97B1-E0918DCFC89C}.Debug|Any CPU.Build.0 = Debug|Any CPU
		{ABF3900E-D9C1-46F8-97B1-E0918DCFC89C}.Release|Any CPU.ActiveCfg = Release|Any CPU
		{ABF3900E-D9C1-46F8-97B1-E0918DCFC89C}.Release|Any CPU.Build.0 = Release|Any CPU
		{2ED2B03B-369E-493C-9AB3-0FF7EA9AFDE2}.Debug|Any CPU.ActiveCfg = Debug|Any CPU
		{2ED2B03B-369E-493C-9AB3-0FF7EA9AFDE2}.Debug|Any CPU.Build.0 = Debug|Any CPU
		{2ED2B03B-369E-493C-9AB3-0FF7EA9AFDE2}.Release|Any CPU.ActiveCfg = Release|Any CPU
		{2ED2B03B-369E-493C-9AB3-0FF7EA9AFDE2}.Release|Any CPU.Build.0 = Release|Any CPU
		{A9D91A9B-606D-469E-BAD9-B220A4AB31CA}.Debug|Any CPU.ActiveCfg = Debug|Any CPU
		{A9D91A9B-606D-469E-BAD9-B220A4AB31CA}.Debug|Any CPU.Build.0 = Debug|Any CPU
		{A9D91A9B-606D-469E-BAD9-B220A4AB31CA}.Release|Any CPU.ActiveCfg = Release|Any CPU
		{A9D91A9B-606D-469E-BAD9-B220A4AB31CA}.Release|Any CPU.Build.0 = Release|Any CPU
		{466C54AD-A5FA-401C-9300-8FE21D3C355A}.Debug|Any CPU.ActiveCfg = Debug|Any CPU
		{466C54AD-A5FA-401C-9300-8FE21D3C355A}.Debug|Any CPU.Build.0 = Debug|Any CPU
		{466C54AD-A5FA-401C-9300-8FE21D3C355A}.Release|Any CPU.ActiveCfg = Release|Any CPU
		{466C54AD-A5FA-401C-9300-8FE21D3C355A}.Release|Any CPU.Build.0 = Release|Any CPU
	EndGlobalSection
EndGlobal
